// !$*UTF8*$!
{
	archiveVersion = 1;
	classes = {
	};
	objectVersion = 50;
	objects = {

/* Begin PBXBuildFile section */
		792DA9302611CBC200844350 /* MunicipalityView.swift in Sources */ = {isa = PBXBuildFile; fileRef = 792DA92F2611CBC200844350 /* MunicipalityView.swift */; };
		792DA9312611CBC200844350 /* MunicipalityView.swift in Sources */ = {isa = PBXBuildFile; fileRef = 792DA92F2611CBC200844350 /* MunicipalityView.swift */; };
		792DA9372611CC4A00844350 /* CityView.swift in Sources */ = {isa = PBXBuildFile; fileRef = 792DA9362611CC4A00844350 /* CityView.swift */; };
		792DA9382611CC4A00844350 /* CityView.swift in Sources */ = {isa = PBXBuildFile; fileRef = 792DA9362611CC4A00844350 /* CityView.swift */; };
		792DA93E2611CD3D00844350 /* RoadView.swift in Sources */ = {isa = PBXBuildFile; fileRef = 792DA93D2611CD3D00844350 /* RoadView.swift */; };
		792DA93F2611CD3D00844350 /* RoadView.swift in Sources */ = {isa = PBXBuildFile; fileRef = 792DA93D2611CD3D00844350 /* RoadView.swift */; };
		792DA9452611D29000844350 /* UrlImageLoader.swift in Sources */ = {isa = PBXBuildFile; fileRef = 792DA9442611D29000844350 /* UrlImageLoader.swift */; };
		792DA9462611D29000844350 /* UrlImageLoader.swift in Sources */ = {isa = PBXBuildFile; fileRef = 792DA9442611D29000844350 /* UrlImageLoader.swift */; };
		792DA94C2611D82F00844350 /* ImageView.swift in Sources */ = {isa = PBXBuildFile; fileRef = 792DA94B2611D82F00844350 /* ImageView.swift */; };
		792DA94D2611D82F00844350 /* ImageView.swift in Sources */ = {isa = PBXBuildFile; fileRef = 792DA94B2611D82F00844350 /* ImageView.swift */; };
		792DA9532611D89500844350 /* AsyncImage.swift in Sources */ = {isa = PBXBuildFile; fileRef = 792DA9522611D89500844350 /* AsyncImage.swift */; };
		792DA9542611D89500844350 /* AsyncImage.swift in Sources */ = {isa = PBXBuildFile; fileRef = 792DA9522611D89500844350 /* AsyncImage.swift */; };
		792F97042611AB7400F82FC2 /* TrafficMetaData.swift in Sources */ = {isa = PBXBuildFile; fileRef = 792F97032611AB7400F82FC2 /* TrafficMetaData.swift */; };
		794541A62608748A003D8E4A /* CurrentTrafficViewModel.swift in Sources */ = {isa = PBXBuildFile; fileRef = 794541A52608748A003D8E4A /* CurrentTrafficViewModel.swift */; };
		796A860325F61E81009F6F23 /* Tests_iOS.swift in Sources */ = {isa = PBXBuildFile; fileRef = 796A860225F61E81009F6F23 /* Tests_iOS.swift */; };
		796A860E25F61E81009F6F23 /* Tests_macOS.swift in Sources */ = {isa = PBXBuildFile; fileRef = 796A860D25F61E81009F6F23 /* Tests_macOS.swift */; };
		796A861025F61E81009F6F23 /* DigitrafficAppApp.swift in Sources */ = {isa = PBXBuildFile; fileRef = 796A85E725F61E7F009F6F23 /* DigitrafficAppApp.swift */; };
		796A861125F61E81009F6F23 /* DigitrafficAppApp.swift in Sources */ = {isa = PBXBuildFile; fileRef = 796A85E725F61E7F009F6F23 /* DigitrafficAppApp.swift */; };
		796A861225F61E81009F6F23 /* ContentView.swift in Sources */ = {isa = PBXBuildFile; fileRef = 796A85E825F61E7F009F6F23 /* ContentView.swift */; };
		796A861325F61E81009F6F23 /* ContentView.swift in Sources */ = {isa = PBXBuildFile; fileRef = 796A85E825F61E7F009F6F23 /* ContentView.swift */; };
		796A861425F61E81009F6F23 /* Assets.xcassets in Resources */ = {isa = PBXBuildFile; fileRef = 796A85E925F61E81009F6F23 /* Assets.xcassets */; };
		796A861525F61E81009F6F23 /* Assets.xcassets in Resources */ = {isa = PBXBuildFile; fileRef = 796A85E925F61E81009F6F23 /* Assets.xcassets */; };
		796A862B25F61F47009F6F23 /* TrafficData.swift in Sources */ = {isa = PBXBuildFile; fileRef = 796A862A25F61F47009F6F23 /* TrafficData.swift */; };
		796A863225F6339F009F6F23 /* TrafficNetworkManager.swift in Sources */ = {isa = PBXBuildFile; fileRef = 796A863125F6339F009F6F23 /* TrafficNetworkManager.swift */; };
		796A863C25F633D3009F6F23 /* NetworkManagerProtocol.swift in Sources */ = {isa = PBXBuildFile; fileRef = 796A863B25F633D3009F6F23 /* NetworkManagerProtocol.swift */; };
/* End PBXBuildFile section */

/* Begin PBXContainerItemProxy section */
		796A85FF25F61E81009F6F23 /* PBXContainerItemProxy */ = {
			isa = PBXContainerItemProxy;
			containerPortal = 796A85E225F61E7F009F6F23 /* Project object */;
			proxyType = 1;
			remoteGlobalIDString = 796A85ED25F61E81009F6F23;
			remoteInfo = "DigitrafficApp (iOS)";
		};
		796A860A25F61E81009F6F23 /* PBXContainerItemProxy */ = {
			isa = PBXContainerItemProxy;
			containerPortal = 796A85E225F61E7F009F6F23 /* Project object */;
			proxyType = 1;
			remoteGlobalIDString = 796A85F525F61E81009F6F23;
			remoteInfo = "DigitrafficApp (macOS)";
		};
/* End PBXContainerItemProxy section */

/* Begin PBXFileReference section */
		792DA92F2611CBC200844350 /* MunicipalityView.swift */ = {isa = PBXFileReference; lastKnownFileType = sourcecode.swift; path = MunicipalityView.swift; sourceTree = "<group>"; };
		792DA9362611CC4A00844350 /* CityView.swift */ = {isa = PBXFileReference; lastKnownFileType = sourcecode.swift; path = CityView.swift; sourceTree = "<group>"; };
		792DA93D2611CD3D00844350 /* RoadView.swift */ = {isa = PBXFileReference; lastKnownFileType = sourcecode.swift; path = RoadView.swift; sourceTree = "<group>"; };
		792DA9442611D29000844350 /* UrlImageLoader.swift */ = {isa = PBXFileReference; lastKnownFileType = sourcecode.swift; path = UrlImageLoader.swift; sourceTree = "<group>"; };
		792DA94B2611D82F00844350 /* ImageView.swift */ = {isa = PBXFileReference; lastKnownFileType = sourcecode.swift; path = ImageView.swift; sourceTree = "<group>"; };
		792DA9522611D89500844350 /* AsyncImage.swift */ = {isa = PBXFileReference; lastKnownFileType = sourcecode.swift; path = AsyncImage.swift; sourceTree = "<group>"; };
		792F97032611AB7400F82FC2 /* TrafficMetaData.swift */ = {isa = PBXFileReference; lastKnownFileType = sourcecode.swift; path = TrafficMetaData.swift; sourceTree = "<group>"; };
		794541A52608748A003D8E4A /* CurrentTrafficViewModel.swift */ = {isa = PBXFileReference; lastKnownFileType = sourcecode.swift; path = CurrentTrafficViewModel.swift; sourceTree = "<group>"; };
		796A85E725F61E7F009F6F23 /* DigitrafficAppApp.swift */ = {isa = PBXFileReference; lastKnownFileType = sourcecode.swift; path = DigitrafficAppApp.swift; sourceTree = "<group>"; };
		796A85E825F61E7F009F6F23 /* ContentView.swift */ = {isa = PBXFileReference; lastKnownFileType = sourcecode.swift; path = ContentView.swift; sourceTree = "<group>"; };
		796A85E925F61E81009F6F23 /* Assets.xcassets */ = {isa = PBXFileReference; lastKnownFileType = folder.assetcatalog; path = Assets.xcassets; sourceTree = "<group>"; };
		796A85EE25F61E81009F6F23 /* DigitrafficApp.app */ = {isa = PBXFileReference; explicitFileType = wrapper.application; includeInIndex = 0; path = DigitrafficApp.app; sourceTree = BUILT_PRODUCTS_DIR; };
		796A85F125F61E81009F6F23 /* Info.plist */ = {isa = PBXFileReference; lastKnownFileType = text.plist.xml; path = Info.plist; sourceTree = "<group>"; };
		796A85F625F61E81009F6F23 /* DigitrafficApp.app */ = {isa = PBXFileReference; explicitFileType = wrapper.application; includeInIndex = 0; path = DigitrafficApp.app; sourceTree = BUILT_PRODUCTS_DIR; };
		796A85F825F61E81009F6F23 /* Info.plist */ = {isa = PBXFileReference; lastKnownFileType = text.plist.xml; path = Info.plist; sourceTree = "<group>"; };
		796A85F925F61E81009F6F23 /* macOS.entitlements */ = {isa = PBXFileReference; lastKnownFileType = text.plist.entitlements; path = macOS.entitlements; sourceTree = "<group>"; };
		796A85FE25F61E81009F6F23 /* Tests iOS.xctest */ = {isa = PBXFileReference; explicitFileType = wrapper.cfbundle; includeInIndex = 0; path = "Tests iOS.xctest"; sourceTree = BUILT_PRODUCTS_DIR; };
		796A860225F61E81009F6F23 /* Tests_iOS.swift */ = {isa = PBXFileReference; lastKnownFileType = sourcecode.swift; path = Tests_iOS.swift; sourceTree = "<group>"; };
		796A860425F61E81009F6F23 /* Info.plist */ = {isa = PBXFileReference; lastKnownFileType = text.plist.xml; path = Info.plist; sourceTree = "<group>"; };
		796A860925F61E81009F6F23 /* Tests macOS.xctest */ = {isa = PBXFileReference; explicitFileType = wrapper.cfbundle; includeInIndex = 0; path = "Tests macOS.xctest"; sourceTree = BUILT_PRODUCTS_DIR; };
		796A860D25F61E81009F6F23 /* Tests_macOS.swift */ = {isa = PBXFileReference; lastKnownFileType = sourcecode.swift; path = Tests_macOS.swift; sourceTree = "<group>"; };
		796A860F25F61E81009F6F23 /* Info.plist */ = {isa = PBXFileReference; lastKnownFileType = text.plist.xml; path = Info.plist; sourceTree = "<group>"; };
		796A862A25F61F47009F6F23 /* TrafficData.swift */ = {isa = PBXFileReference; lastKnownFileType = sourcecode.swift; path = TrafficData.swift; sourceTree = "<group>"; };
		796A863125F6339F009F6F23 /* TrafficNetworkManager.swift */ = {isa = PBXFileReference; lastKnownFileType = sourcecode.swift; path = TrafficNetworkManager.swift; sourceTree = "<group>"; };
		796A863B25F633D3009F6F23 /* NetworkManagerProtocol.swift */ = {isa = PBXFileReference; lastKnownFileType = sourcecode.swift; path = NetworkManagerProtocol.swift; sourceTree = "<group>"; };
/* End PBXFileReference section */

/* Begin PBXFrameworksBuildPhase section */
		796A85EB25F61E81009F6F23 /* Frameworks */ = {
			isa = PBXFrameworksBuildPhase;
			buildActionMask = 2147483647;
			files = (
			);
			runOnlyForDeploymentPostprocessing = 0;
		};
		796A85F325F61E81009F6F23 /* Frameworks */ = {
			isa = PBXFrameworksBuildPhase;
			buildActionMask = 2147483647;
			files = (
			);
			runOnlyForDeploymentPostprocessing = 0;
		};
		796A85FB25F61E81009F6F23 /* Frameworks */ = {
			isa = PBXFrameworksBuildPhase;
			buildActionMask = 2147483647;
			files = (
			);
			runOnlyForDeploymentPostprocessing = 0;
		};
		796A860625F61E81009F6F23 /* Frameworks */ = {
			isa = PBXFrameworksBuildPhase;
			buildActionMask = 2147483647;
			files = (
			);
			runOnlyForDeploymentPostprocessing = 0;
		};
/* End PBXFrameworksBuildPhase section */

/* Begin PBXGroup section */
		796A85E125F61E7F009F6F23 = {
			isa = PBXGroup;
			children = (
				796A85E625F61E7F009F6F23 /* Shared */,
				796A85F025F61E81009F6F23 /* iOS */,
				796A85F725F61E81009F6F23 /* macOS */,
				796A860125F61E81009F6F23 /* Tests iOS */,
				796A860C25F61E81009F6F23 /* Tests macOS */,
				796A85EF25F61E81009F6F23 /* Products */,
			);
			sourceTree = "<group>";
		};
		796A85E625F61E7F009F6F23 /* Shared */ = {
			isa = PBXGroup;
			children = (
				796A863025F6329B009F6F23 /* NetworkManager */,
				796A862925F61F13009F6F23 /* Data */,
				796A862825F61F05009F6F23 /* Views */,
				796A85E725F61E7F009F6F23 /* DigitrafficAppApp.swift */,
				796A85E925F61E81009F6F23 /* Assets.xcassets */,
			);
			path = Shared;
			sourceTree = "<group>";
		};
		796A85EF25F61E81009F6F23 /* Products */ = {
			isa = PBXGroup;
			children = (
				796A85EE25F61E81009F6F23 /* DigitrafficApp.app */,
				796A85F625F61E81009F6F23 /* DigitrafficApp.app */,
				796A85FE25F61E81009F6F23 /* Tests iOS.xctest */,
				796A860925F61E81009F6F23 /* Tests macOS.xctest */,
			);
			name = Products;
			sourceTree = "<group>";
		};
		796A85F025F61E81009F6F23 /* iOS */ = {
			isa = PBXGroup;
			children = (
				796A85F125F61E81009F6F23 /* Info.plist */,
			);
			path = iOS;
			sourceTree = "<group>";
		};
		796A85F725F61E81009F6F23 /* macOS */ = {
			isa = PBXGroup;
			children = (
				796A85F825F61E81009F6F23 /* Info.plist */,
				796A85F925F61E81009F6F23 /* macOS.entitlements */,
			);
			path = macOS;
			sourceTree = "<group>";
		};
		796A860125F61E81009F6F23 /* Tests iOS */ = {
			isa = PBXGroup;
			children = (
				796A860225F61E81009F6F23 /* Tests_iOS.swift */,
				796A860425F61E81009F6F23 /* Info.plist */,
			);
			path = "Tests iOS";
			sourceTree = "<group>";
		};
		796A860C25F61E81009F6F23 /* Tests macOS */ = {
			isa = PBXGroup;
			children = (
				796A860D25F61E81009F6F23 /* Tests_macOS.swift */,
				796A860F25F61E81009F6F23 /* Info.plist */,
			);
			path = "Tests macOS";
			sourceTree = "<group>";
		};
		796A862825F61F05009F6F23 /* Views */ = {
			isa = PBXGroup;
			children = (
				796A85E825F61E7F009F6F23 /* ContentView.swift */,
				792DA92F2611CBC200844350 /* MunicipalityView.swift */,
				792DA9362611CC4A00844350 /* CityView.swift */,
				792DA93D2611CD3D00844350 /* RoadView.swift */,
				792DA94B2611D82F00844350 /* ImageView.swift */,
				792DA9522611D89500844350 /* AsyncImage.swift */,
			);
			path = Views;
			sourceTree = "<group>";
		};
		796A862925F61F13009F6F23 /* Data */ = {
			isa = PBXGroup;
			children = (
				796A862A25F61F47009F6F23 /* TrafficData.swift */,
				794541A52608748A003D8E4A /* CurrentTrafficViewModel.swift */,
				792F97032611AB7400F82FC2 /* TrafficMetaData.swift */,
				792DA9442611D29000844350 /* UrlImageLoader.swift */,
			);
			path = Data;
			sourceTree = "<group>";
		};
		796A863025F6329B009F6F23 /* NetworkManager */ = {
			isa = PBXGroup;
			children = (
				796A863125F6339F009F6F23 /* TrafficNetworkManager.swift */,
				796A863B25F633D3009F6F23 /* NetworkManagerProtocol.swift */,
			);
			path = NetworkManager;
			sourceTree = "<group>";
		};
/* End PBXGroup section */

/* Begin PBXNativeTarget section */
		796A85ED25F61E81009F6F23 /* DigitrafficApp (iOS) */ = {
			isa = PBXNativeTarget;
			buildConfigurationList = 796A861825F61E81009F6F23 /* Build configuration list for PBXNativeTarget "DigitrafficApp (iOS)" */;
			buildPhases = (
				796A85EA25F61E81009F6F23 /* Sources */,
				796A85EB25F61E81009F6F23 /* Frameworks */,
				796A85EC25F61E81009F6F23 /* Resources */,
			);
			buildRules = (
			);
			dependencies = (
			);
			name = "DigitrafficApp (iOS)";
			productName = "DigitrafficApp (iOS)";
			productReference = 796A85EE25F61E81009F6F23 /* DigitrafficApp.app */;
			productType = "com.apple.product-type.application";
		};
		796A85F525F61E81009F6F23 /* DigitrafficApp (macOS) */ = {
			isa = PBXNativeTarget;
			buildConfigurationList = 796A861B25F61E81009F6F23 /* Build configuration list for PBXNativeTarget "DigitrafficApp (macOS)" */;
			buildPhases = (
				796A85F225F61E81009F6F23 /* Sources */,
				796A85F325F61E81009F6F23 /* Frameworks */,
				796A85F425F61E81009F6F23 /* Resources */,
			);
			buildRules = (
			);
			dependencies = (
			);
			name = "DigitrafficApp (macOS)";
			productName = "DigitrafficApp (macOS)";
			productReference = 796A85F625F61E81009F6F23 /* DigitrafficApp.app */;
			productType = "com.apple.product-type.application";
		};
		796A85FD25F61E81009F6F23 /* Tests iOS */ = {
			isa = PBXNativeTarget;
			buildConfigurationList = 796A861E25F61E81009F6F23 /* Build configuration list for PBXNativeTarget "Tests iOS" */;
			buildPhases = (
				796A85FA25F61E81009F6F23 /* Sources */,
				796A85FB25F61E81009F6F23 /* Frameworks */,
				796A85FC25F61E81009F6F23 /* Resources */,
			);
			buildRules = (
			);
			dependencies = (
				796A860025F61E81009F6F23 /* PBXTargetDependency */,
			);
			name = "Tests iOS";
			productName = "Tests iOS";
			productReference = 796A85FE25F61E81009F6F23 /* Tests iOS.xctest */;
			productType = "com.apple.product-type.bundle.ui-testing";
		};
		796A860825F61E81009F6F23 /* Tests macOS */ = {
			isa = PBXNativeTarget;
			buildConfigurationList = 796A862125F61E81009F6F23 /* Build configuration list for PBXNativeTarget "Tests macOS" */;
			buildPhases = (
				796A860525F61E81009F6F23 /* Sources */,
				796A860625F61E81009F6F23 /* Frameworks */,
				796A860725F61E81009F6F23 /* Resources */,
			);
			buildRules = (
			);
			dependencies = (
				796A860B25F61E81009F6F23 /* PBXTargetDependency */,
			);
			name = "Tests macOS";
			productName = "Tests macOS";
			productReference = 796A860925F61E81009F6F23 /* Tests macOS.xctest */;
			productType = "com.apple.product-type.bundle.ui-testing";
		};
/* End PBXNativeTarget section */

/* Begin PBXProject section */
		796A85E225F61E7F009F6F23 /* Project object */ = {
			isa = PBXProject;
			attributes = {
				LastSwiftUpdateCheck = 1240;
				LastUpgradeCheck = 1240;
				TargetAttributes = {
					796A85ED25F61E81009F6F23 = {
						CreatedOnToolsVersion = 12.4;
					};
					796A85F525F61E81009F6F23 = {
						CreatedOnToolsVersion = 12.4;
					};
					796A85FD25F61E81009F6F23 = {
						CreatedOnToolsVersion = 12.4;
						TestTargetID = 796A85ED25F61E81009F6F23;
					};
					796A860825F61E81009F6F23 = {
						CreatedOnToolsVersion = 12.4;
						TestTargetID = 796A85F525F61E81009F6F23;
					};
				};
			};
			buildConfigurationList = 796A85E525F61E7F009F6F23 /* Build configuration list for PBXProject "DigitrafficApp" */;
			compatibilityVersion = "Xcode 9.3";
			developmentRegion = en;
			hasScannedForEncodings = 0;
			knownRegions = (
				en,
				Base,
			);
			mainGroup = 796A85E125F61E7F009F6F23;
			productRefGroup = 796A85EF25F61E81009F6F23 /* Products */;
			projectDirPath = "";
			projectRoot = "";
			targets = (
				796A85ED25F61E81009F6F23 /* DigitrafficApp (iOS) */,
				796A85F525F61E81009F6F23 /* DigitrafficApp (macOS) */,
				796A85FD25F61E81009F6F23 /* Tests iOS */,
				796A860825F61E81009F6F23 /* Tests macOS */,
			);
		};
/* End PBXProject section */

/* Begin PBXResourcesBuildPhase section */
		796A85EC25F61E81009F6F23 /* Resources */ = {
			isa = PBXResourcesBuildPhase;
			buildActionMask = 2147483647;
			files = (
				796A861425F61E81009F6F23 /* Assets.xcassets in Resources */,
			);
			runOnlyForDeploymentPostprocessing = 0;
		};
		796A85F425F61E81009F6F23 /* Resources */ = {
			isa = PBXResourcesBuildPhase;
			buildActionMask = 2147483647;
			files = (
				796A861525F61E81009F6F23 /* Assets.xcassets in Resources */,
			);
			runOnlyForDeploymentPostprocessing = 0;
		};
		796A85FC25F61E81009F6F23 /* Resources */ = {
			isa = PBXResourcesBuildPhase;
			buildActionMask = 2147483647;
			files = (
			);
			runOnlyForDeploymentPostprocessing = 0;
		};
		796A860725F61E81009F6F23 /* Resources */ = {
			isa = PBXResourcesBuildPhase;
			buildActionMask = 2147483647;
			files = (
			);
			runOnlyForDeploymentPostprocessing = 0;
		};
/* End PBXResourcesBuildPhase section */

/* Begin PBXSourcesBuildPhase section */
		796A85EA25F61E81009F6F23 /* Sources */ = {
			isa = PBXSourcesBuildPhase;
			buildActionMask = 2147483647;
			files = (
				796A861225F61E81009F6F23 /* ContentView.swift in Sources */,
				796A862B25F61F47009F6F23 /* TrafficData.swift in Sources */,
				796A863225F6339F009F6F23 /* TrafficNetworkManager.swift in Sources */,
				792DA9372611CC4A00844350 /* CityView.swift in Sources */,
				796A863C25F633D3009F6F23 /* NetworkManagerProtocol.swift in Sources */,
				792DA9452611D29000844350 /* UrlImageLoader.swift in Sources */,
				792DA9302611CBC200844350 /* MunicipalityView.swift in Sources */,
				792F97042611AB7400F82FC2 /* TrafficMetaData.swift in Sources */,
				792DA9532611D89500844350 /* AsyncImage.swift in Sources */,
				794541A62608748A003D8E4A /* CurrentTrafficViewModel.swift in Sources */,
				792DA93E2611CD3D00844350 /* RoadView.swift in Sources */,
				792DA94C2611D82F00844350 /* ImageView.swift in Sources */,
				796A861025F61E81009F6F23 /* DigitrafficAppApp.swift in Sources */,
			);
			runOnlyForDeploymentPostprocessing = 0;
		};
		796A85F225F61E81009F6F23 /* Sources */ = {
			isa = PBXSourcesBuildPhase;
			buildActionMask = 2147483647;
			files = (
				792DA94D2611D82F00844350 /* ImageView.swift in Sources */,
				792DA9542611D89500844350 /* AsyncImage.swift in Sources */,
				792DA9312611CBC200844350 /* MunicipalityView.swift in Sources */,
				792DA9382611CC4A00844350 /* CityView.swift in Sources */,
				792DA9462611D29000844350 /* UrlImageLoader.swift in Sources */,
				796A861325F61E81009F6F23 /* ContentView.swift in Sources */,
				792DA93F2611CD3D00844350 /* RoadView.swift in Sources */,
				796A861125F61E81009F6F23 /* DigitrafficAppApp.swift in Sources */,
			);
			runOnlyForDeploymentPostprocessing = 0;
		};
		796A85FA25F61E81009F6F23 /* Sources */ = {
			isa = PBXSourcesBuildPhase;
			buildActionMask = 2147483647;
			files = (
				796A860325F61E81009F6F23 /* Tests_iOS.swift in Sources */,
			);
			runOnlyForDeploymentPostprocessing = 0;
		};
		796A860525F61E81009F6F23 /* Sources */ = {
			isa = PBXSourcesBuildPhase;
			buildActionMask = 2147483647;
			files = (
				796A860E25F61E81009F6F23 /* Tests_macOS.swift in Sources */,
			);
			runOnlyForDeploymentPostprocessing = 0;
		};
/* End PBXSourcesBuildPhase section */

/* Begin PBXTargetDependency section */
		796A860025F61E81009F6F23 /* PBXTargetDependency */ = {
			isa = PBXTargetDependency;
			target = 796A85ED25F61E81009F6F23 /* DigitrafficApp (iOS) */;
			targetProxy = 796A85FF25F61E81009F6F23 /* PBXContainerItemProxy */;
		};
		796A860B25F61E81009F6F23 /* PBXTargetDependency */ = {
			isa = PBXTargetDependency;
			target = 796A85F525F61E81009F6F23 /* DigitrafficApp (macOS) */;
			targetProxy = 796A860A25F61E81009F6F23 /* PBXContainerItemProxy */;
		};
/* End PBXTargetDependency section */

/* Begin XCBuildConfiguration section */
		796A861625F61E81009F6F23 /* Debug */ = {
			isa = XCBuildConfiguration;
			buildSettings = {
				ALWAYS_SEARCH_USER_PATHS = NO;
				CLANG_ANALYZER_NONNULL = YES;
				CLANG_ANALYZER_NUMBER_OBJECT_CONVERSION = YES_AGGRESSIVE;
				CLANG_CXX_LANGUAGE_STANDARD = "gnu++14";
				CLANG_CXX_LIBRARY = "libc++";
				CLANG_ENABLE_MODULES = YES;
				CLANG_ENABLE_OBJC_ARC = YES;
				CLANG_ENABLE_OBJC_WEAK = YES;
				CLANG_WARN_BLOCK_CAPTURE_AUTORELEASING = YES;
				CLANG_WARN_BOOL_CONVERSION = YES;
				CLANG_WARN_COMMA = YES;
				CLANG_WARN_CONSTANT_CONVERSION = YES;
				CLANG_WARN_DEPRECATED_OBJC_IMPLEMENTATIONS = YES;
				CLANG_WARN_DIRECT_OBJC_ISA_USAGE = YES_ERROR;
				CLANG_WARN_DOCUMENTATION_COMMENTS = YES;
				CLANG_WARN_EMPTY_BODY = YES;
				CLANG_WARN_ENUM_CONVERSION = YES;
				CLANG_WARN_INFINITE_RECURSION = YES;
				CLANG_WARN_INT_CONVERSION = YES;
				CLANG_WARN_NON_LITERAL_NULL_CONVERSION = YES;
				CLANG_WARN_OBJC_IMPLICIT_RETAIN_SELF = YES;
				CLANG_WARN_OBJC_LITERAL_CONVERSION = YES;
				CLANG_WARN_OBJC_ROOT_CLASS = YES_ERROR;
				CLANG_WARN_QUOTED_INCLUDE_IN_FRAMEWORK_HEADER = YES;
				CLANG_WARN_RANGE_LOOP_ANALYSIS = YES;
				CLANG_WARN_STRICT_PROTOTYPES = YES;
				CLANG_WARN_SUSPICIOUS_MOVE = YES;
				CLANG_WARN_UNGUARDED_AVAILABILITY = YES_AGGRESSIVE;
				CLANG_WARN_UNREACHABLE_CODE = YES;
				CLANG_WARN__DUPLICATE_METHOD_MATCH = YES;
				COPY_PHASE_STRIP = NO;
				DEBUG_INFORMATION_FORMAT = dwarf;
				ENABLE_STRICT_OBJC_MSGSEND = YES;
				ENABLE_TESTABILITY = YES;
				GCC_C_LANGUAGE_STANDARD = gnu11;
				GCC_DYNAMIC_NO_PIC = NO;
				GCC_NO_COMMON_BLOCKS = YES;
				GCC_OPTIMIZATION_LEVEL = 0;
				GCC_PREPROCESSOR_DEFINITIONS = (
					"DEBUG=1",
					"$(inherited)",
				);
				GCC_WARN_64_TO_32_BIT_CONVERSION = YES;
				GCC_WARN_ABOUT_RETURN_TYPE = YES_ERROR;
				GCC_WARN_UNDECLARED_SELECTOR = YES;
				GCC_WARN_UNINITIALIZED_AUTOS = YES_AGGRESSIVE;
				GCC_WARN_UNUSED_FUNCTION = YES;
				GCC_WARN_UNUSED_VARIABLE = YES;
				MTL_ENABLE_DEBUG_INFO = INCLUDE_SOURCE;
				MTL_FAST_MATH = YES;
				ONLY_ACTIVE_ARCH = YES;
				SWIFT_ACTIVE_COMPILATION_CONDITIONS = DEBUG;
				SWIFT_OPTIMIZATION_LEVEL = "-Onone";
			};
			name = Debug;
		};
		796A861725F61E81009F6F23 /* Release */ = {
			isa = XCBuildConfiguration;
			buildSettings = {
				ALWAYS_SEARCH_USER_PATHS = NO;
				CLANG_ANALYZER_NONNULL = YES;
				CLANG_ANALYZER_NUMBER_OBJECT_CONVERSION = YES_AGGRESSIVE;
				CLANG_CXX_LANGUAGE_STANDARD = "gnu++14";
				CLANG_CXX_LIBRARY = "libc++";
				CLANG_ENABLE_MODULES = YES;
				CLANG_ENABLE_OBJC_ARC = YES;
				CLANG_ENABLE_OBJC_WEAK = YES;
				CLANG_WARN_BLOCK_CAPTURE_AUTORELEASING = YES;
				CLANG_WARN_BOOL_CONVERSION = YES;
				CLANG_WARN_COMMA = YES;
				CLANG_WARN_CONSTANT_CONVERSION = YES;
				CLANG_WARN_DEPRECATED_OBJC_IMPLEMENTATIONS = YES;
				CLANG_WARN_DIRECT_OBJC_ISA_USAGE = YES_ERROR;
				CLANG_WARN_DOCUMENTATION_COMMENTS = YES;
				CLANG_WARN_EMPTY_BODY = YES;
				CLANG_WARN_ENUM_CONVERSION = YES;
				CLANG_WARN_INFINITE_RECURSION = YES;
				CLANG_WARN_INT_CONVERSION = YES;
				CLANG_WARN_NON_LITERAL_NULL_CONVERSION = YES;
				CLANG_WARN_OBJC_IMPLICIT_RETAIN_SELF = YES;
				CLANG_WARN_OBJC_LITERAL_CONVERSION = YES;
				CLANG_WARN_OBJC_ROOT_CLASS = YES_ERROR;
				CLANG_WARN_QUOTED_INCLUDE_IN_FRAMEWORK_HEADER = YES;
				CLANG_WARN_RANGE_LOOP_ANALYSIS = YES;
				CLANG_WARN_STRICT_PROTOTYPES = YES;
				CLANG_WARN_SUSPICIOUS_MOVE = YES;
				CLANG_WARN_UNGUARDED_AVAILABILITY = YES_AGGRESSIVE;
				CLANG_WARN_UNREACHABLE_CODE = YES;
				CLANG_WARN__DUPLICATE_METHOD_MATCH = YES;
				COPY_PHASE_STRIP = NO;
				DEBUG_INFORMATION_FORMAT = "dwarf-with-dsym";
				ENABLE_NS_ASSERTIONS = NO;
				ENABLE_STRICT_OBJC_MSGSEND = YES;
				GCC_C_LANGUAGE_STANDARD = gnu11;
				GCC_NO_COMMON_BLOCKS = YES;
				GCC_WARN_64_TO_32_BIT_CONVERSION = YES;
				GCC_WARN_ABOUT_RETURN_TYPE = YES_ERROR;
				GCC_WARN_UNDECLARED_SELECTOR = YES;
				GCC_WARN_UNINITIALIZED_AUTOS = YES_AGGRESSIVE;
				GCC_WARN_UNUSED_FUNCTION = YES;
				GCC_WARN_UNUSED_VARIABLE = YES;
				MTL_ENABLE_DEBUG_INFO = NO;
				MTL_FAST_MATH = YES;
				SWIFT_COMPILATION_MODE = wholemodule;
				SWIFT_OPTIMIZATION_LEVEL = "-O";
			};
			name = Release;
		};
		796A861925F61E81009F6F23 /* Debug */ = {
			isa = XCBuildConfiguration;
			buildSettings = {
				ASSETCATALOG_COMPILER_APPICON_NAME = AppIcon;
				ASSETCATALOG_COMPILER_GLOBAL_ACCENT_COLOR_NAME = AccentColor;
				CODE_SIGN_STYLE = Automatic;
				ENABLE_PREVIEWS = YES;
				INFOPLIST_FILE = iOS/Info.plist;
				IPHONEOS_DEPLOYMENT_TARGET = 14.0;
				LD_RUNPATH_SEARCH_PATHS = (
					"$(inherited)",
					"@executable_path/Frameworks",
				);
				PRODUCT_BUNDLE_IDENTIFIER = LABUAS.DigitrafficApp;
				PRODUCT_NAME = DigitrafficApp;
				SDKROOT = iphoneos;
				SWIFT_VERSION = 5.0;
				TARGETED_DEVICE_FAMILY = "1,2";
			};
			name = Debug;
		};
		796A861A25F61E81009F6F23 /* Release */ = {
			isa = XCBuildConfiguration;
			buildSettings = {
				ASSETCATALOG_COMPILER_APPICON_NAME = AppIcon;
				ASSETCATALOG_COMPILER_GLOBAL_ACCENT_COLOR_NAME = AccentColor;
				CODE_SIGN_STYLE = Automatic;
				ENABLE_PREVIEWS = YES;
				INFOPLIST_FILE = iOS/Info.plist;
				IPHONEOS_DEPLOYMENT_TARGET = 14.0;
				LD_RUNPATH_SEARCH_PATHS = (
					"$(inherited)",
					"@executable_path/Frameworks",
				);
				PRODUCT_BUNDLE_IDENTIFIER = LABUAS.DigitrafficApp;
				PRODUCT_NAME = DigitrafficApp;
				SDKROOT = iphoneos;
				SWIFT_VERSION = 5.0;
				TARGETED_DEVICE_FAMILY = "1,2";
				VALIDATE_PRODUCT = YES;
			};
			name = Release;
		};
		796A861C25F61E81009F6F23 /* Debug */ = {
			isa = XCBuildConfiguration;
			buildSettings = {
				ASSETCATALOG_COMPILER_APPICON_NAME = AppIcon;
				ASSETCATALOG_COMPILER_GLOBAL_ACCENT_COLOR_NAME = AccentColor;
				CODE_SIGN_ENTITLEMENTS = macOS/macOS.entitlements;
				CODE_SIGN_STYLE = Automatic;
				COMBINE_HIDPI_IMAGES = YES;
				ENABLE_PREVIEWS = YES;
				INFOPLIST_FILE = macOS/Info.plist;
				LD_RUNPATH_SEARCH_PATHS = (
					"$(inherited)",
					"@executable_path/../Frameworks",
				);
				MACOSX_DEPLOYMENT_TARGET = 11.0;
				PRODUCT_BUNDLE_IDENTIFIER = LABUAS.DigitrafficApp;
				PRODUCT_NAME = DigitrafficApp;
				SDKROOT = macosx;
				SWIFT_VERSION = 5.0;
			};
			name = Debug;
		};
		796A861D25F61E81009F6F23 /* Release */ = {
			isa = XCBuildConfiguration;
			buildSettings = {
				ASSETCATALOG_COMPILER_APPICON_NAME = AppIcon;
				ASSETCATALOG_COMPILER_GLOBAL_ACCENT_COLOR_NAME = AccentColor;
				CODE_SIGN_ENTITLEMENTS = macOS/macOS.entitlements;
				CODE_SIGN_STYLE = Automatic;
				COMBINE_HIDPI_IMAGES = YES;
				ENABLE_PREVIEWS = YES;
				INFOPLIST_FILE = macOS/Info.plist;
				LD_RUNPATH_SEARCH_PATHS = (
					"$(inherited)",
					"@executable_path/../Frameworks",
				);
				MACOSX_DEPLOYMENT_TARGET = 11.0;
				PRODUCT_BUNDLE_IDENTIFIER = LABUAS.DigitrafficApp;
				PRODUCT_NAME = DigitrafficApp;
				SDKROOT = macosx;
				SWIFT_VERSION = 5.0;
			};
			name = Release;
		};
		796A861F25F61E81009F6F23 /* Debug */ = {
			isa = XCBuildConfiguration;
			buildSettings = {
				ALWAYS_EMBED_SWIFT_STANDARD_LIBRARIES = YES;
				CODE_SIGN_STYLE = Automatic;
				INFOPLIST_FILE = "Tests iOS/Info.plist";
				IPHONEOS_DEPLOYMENT_TARGET = 14.4;
				LD_RUNPATH_SEARCH_PATHS = (
					"$(inherited)",
					"@executable_path/Frameworks",
					"@loader_path/Frameworks",
				);
				PRODUCT_BUNDLE_IDENTIFIER = "LABUAS.Tests-iOS";
				PRODUCT_NAME = "$(TARGET_NAME)";
				SDKROOT = iphoneos;
				SWIFT_VERSION = 5.0;
				TARGETED_DEVICE_FAMILY = "1,2";
				TEST_TARGET_NAME = "DigitrafficApp (iOS)";
			};
			name = Debug;
		};
		796A862025F61E81009F6F23 /* Release */ = {
			isa = XCBuildConfiguration;
			buildSettings = {
				ALWAYS_EMBED_SWIFT_STANDARD_LIBRARIES = YES;
				CODE_SIGN_STYLE = Automatic;
				INFOPLIST_FILE = "Tests iOS/Info.plist";
				IPHONEOS_DEPLOYMENT_TARGET = 14.4;
				LD_RUNPATH_SEARCH_PATHS = (
					"$(inherited)",
					"@executable_path/Frameworks",
					"@loader_path/Frameworks",
				);
				PRODUCT_BUNDLE_IDENTIFIER = "LABUAS.Tests-iOS";
				PRODUCT_NAME = "$(TARGET_NAME)";
				SDKROOT = iphoneos;
				SWIFT_VERSION = 5.0;
				TARGETED_DEVICE_FAMILY = "1,2";
				TEST_TARGET_NAME = "DigitrafficApp (iOS)";
				VALIDATE_PRODUCT = YES;
			};
			name = Release;
		};
		796A862225F61E81009F6F23 /* Debug */ = {
			isa = XCBuildConfiguration;
			buildSettings = {
				ALWAYS_EMBED_SWIFT_STANDARD_LIBRARIES = YES;
				CODE_SIGN_STYLE = Automatic;
				COMBINE_HIDPI_IMAGES = YES;
				INFOPLIST_FILE = "Tests macOS/Info.plist";
				LD_RUNPATH_SEARCH_PATHS = (
					"$(inherited)",
					"@executable_path/../Frameworks",
					"@loader_path/../Frameworks",
				);
				MACOSX_DEPLOYMENT_TARGET = 11.1;
				PRODUCT_BUNDLE_IDENTIFIER = "LABUAS.Tests-macOS";
				PRODUCT_NAME = "$(TARGET_NAME)";
				SDKROOT = macosx;
				SWIFT_VERSION = 5.0;
				TEST_TARGET_NAME = "DigitrafficApp (macOS)";
			};
			name = Debug;
		};
		796A862325F61E81009F6F23 /* Release */ = {
			isa = XCBuildConfiguration;
			buildSettings = {
				ALWAYS_EMBED_SWIFT_STANDARD_LIBRARIES = YES;
				CODE_SIGN_STYLE = Automatic;
				COMBINE_HIDPI_IMAGES = YES;
				INFOPLIST_FILE = "Tests macOS/Info.plist";
				LD_RUNPATH_SEARCH_PATHS = (
					"$(inherited)",
					"@executable_path/../Frameworks",
					"@loader_path/../Frameworks",
				);
				MACOSX_DEPLOYMENT_TARGET = 11.1;
				PRODUCT_BUNDLE_IDENTIFIER = "LABUAS.Tests-macOS";
				PRODUCT_NAME = "$(TARGET_NAME)";
				SDKROOT = macosx;
				SWIFT_VERSION = 5.0;
				TEST_TARGET_NAME = "DigitrafficApp (macOS)";
			};
			name = Release;
		};
/* End XCBuildConfiguration section */

/* Begin XCConfigurationList section */
		796A85E525F61E7F009F6F23 /* Build configuration list for PBXProject "DigitrafficApp" */ = {
			isa = XCConfigurationList;
			buildConfigurations = (
				796A861625F61E81009F6F23 /* Debug */,
				796A861725F61E81009F6F23 /* Release */,
			);
			defaultConfigurationIsVisible = 0;
			defaultConfigurationName = Release;
		};
		796A861825F61E81009F6F23 /* Build configuration list for PBXNativeTarget "DigitrafficApp (iOS)" */ = {
			isa = XCConfigurationList;
			buildConfigurations = (
				796A861925F61E81009F6F23 /* Debug */,
				796A861A25F61E81009F6F23 /* Release */,
			);
			defaultConfigurationIsVisible = 0;
			defaultConfigurationName = Release;
		};
		796A861B25F61E81009F6F23 /* Build configuration list for PBXNativeTarget "DigitrafficApp (macOS)" */ = {
			isa = XCConfigurationList;
			buildConfigurations = (
				796A861C25F61E81009F6F23 /* Debug */,
				796A861D25F61E81009F6F23 /* Release */,
			);
			defaultConfigurationIsVisible = 0;
			defaultConfigurationName = Release;
		};
		796A861E25F61E81009F6F23 /* Build configuration list for PBXNativeTarget "Tests iOS" */ = {
			isa = XCConfigurationList;
			buildConfigurations = (
				796A861F25F61E81009F6F23 /* Debug */,
				796A862025F61E81009F6F23 /* Release */,
			);
			defaultConfigurationIsVisible = 0;
			defaultConfigurationName = Release;
		};
		796A862125F61E81009F6F23 /* Build configuration list for PBXNativeTarget "Tests macOS" */ = {
			isa = XCConfigurationList;
			buildConfigurations = (
				796A862225F61E81009F6F23 /* Debug */,
				796A862325F61E81009F6F23 /* Release */,
			);
			defaultConfigurationIsVisible = 0;
			defaultConfigurationName = Release;
		};
/* End XCConfigurationList section */
	};
	rootObject = 796A85E225F61E7F009F6F23 /* Project object */;
}
